
Microsoft Visual Studio Solution File, Format Version 12.00
# Visual Studio Version 17
VisualStudioVersion = 17.5.33414.496
MinimumVisualStudioVersion = 10.0.40219.1
Project("{FAE04EC0-301F-11D3-BF4B-00C04F79EFBC}") = "AspDotNetLab2", "AspDotNetLab2\AspDotNetLab2.csproj", "{769E0FFE-759B-4E52-8862-4182FB17E9D0}"
EndProject
Global
	GlobalSection(SolutionConfigurationPlatforms) = preSolution
		Debug|Any CPU = Debug|Any CPU
		Release|Any CPU = Release|Any CPU
	EndGlobalSection
	GlobalSection(ProjectConfigurationPlatforms) = postSolution
		{769E0FFE-759B-4E52-8862-4182FB17E9D0}.Debug|Any CPU.ActiveCfg = Debug|Any CPU
		{769E0FFE-759B-4E52-8862-4182FB17E9D0}.Debug|Any CPU.Build.0 = Debug|Any CPU
		{769E0FFE-759B-4E52-8862-4182FB17E9D0}.Release|Any CPU.ActiveCfg = Release|Any CPU
		{769E0FFE-759B-4E52-8862-4182FB17E9D0}.Release|Any CPU.Build.0 = Release|Any CPU
	EndGlobalSection
	GlobalSection(SolutionProperties) = preSolution
		HideSolutionNode = FALSE
	EndGlobalSection
	GlobalSection(ExtensibilityGlobals) = postSolution
		SolutionGuid = {2E936631-3F68-48AD-B2F5-CA858D8D4630}
	EndGlobalSection
EndGlobal
